
Microsoft Visual Studio Solution File, Format Version 12.00
# Visual Studio Version 17
VisualStudioVersion = 17.11.35303.130
MinimumVisualStudioVersion = 10.0.40219.1
Project("{FAE04EC0-301F-11D3-BF4B-00C04F79EFBC}") = "CatPhotoTidyTool", "CatPhotoTidyTool\CatPhotoTidyTool.csproj", "{91C19229-FB6D-4B86-9662-C2ED0F1232A3}"
EndProject
Project("{FAE04EC0-301F-11D3-BF4B-00C04F79EFBC}") = "TidyCore", "TidyCore\TidyCore.csproj", "{F6F949A7-5627-4AD4-A1AF-6781E4F55B58}"
EndProject
Global
	GlobalSection(SolutionConfigurationPlatforms) = preSolution
		Debug|Any CPU = Debug|Any CPU
		Release|Any CPU = Release|Any CPU
	EndGlobalSection
	GlobalSection(ProjectConfigurationPlatforms) = postSolution
		{91C19229-FB6D-4B86-9662-C2ED0F1232A3}.Debug|Any CPU.ActiveCfg = Debug|Any CPU
		{91C19229-FB6D-4B86-9662-C2ED0F1232A3}.Debug|Any CPU.Build.0 = Debug|Any CPU
		{91C19229-FB6D-4B86-9662-C2ED0F1232A3}.Release|Any CPU.ActiveCfg = Release|Any CPU
		{91C19229-FB6D-4B86-9662-C2ED0F1232A3}.Release|Any CPU.Build.0 = Release|Any CPU
		{F6F949A7-5627-4AD4-A1AF-6781E4F55B58}.Debug|Any CPU.ActiveCfg = Debug|Any CPU
		{F6F949A7-5627-4AD4-A1AF-6781E4F55B58}.Debug|Any CPU.Build.0 = Debug|Any CPU
		{F6F949A7-5627-4AD4-A1AF-6781E4F55B58}.Release|Any CPU.ActiveCfg = Release|Any CPU
		{F6F949A7-5627-4AD4-A1AF-6781E4F55B58}.Release|Any CPU.Build.0 = Release|Any CPU
	EndGlobalSection
	GlobalSection(SolutionProperties) = preSolution
		HideSolutionNode = FALSE
	EndGlobalSection
	GlobalSection(ExtensibilityGlobals) = postSolution
		SolutionGuid = {948C6D54-73C3-446B-BE14-5AEEE9EEF567}
	EndGlobalSection
EndGlobal
